
Microsoft Visual Studio Solution File, Format Version 12.00
# Visual Studio 2013
VisualStudioVersion = 12.0.21005.1
MinimumVisualStudioVersion = 10.0.40219.1
Project("{F184B08F-C81C-45F6-A57F-5ABD9991F28F}") = "Serveur Chat", "Serveur Chat\Serveur Chat.vbproj", "{F07DF9A3-67DD-4A15-9C91-A8BE42F1D46A}"
EndProject
Global
	GlobalSection(SolutionConfigurationPlatforms) = preSolution
		Debug|Any CPU = Debug|Any CPU
		Release|Any CPU = Release|Any CPU
	EndGlobalSection
	GlobalSection(ProjectConfigurationPlatforms) = postSolution
		{F07DF9A3-67DD-4A15-9C91-A8BE42F1D46A}.Debug|Any CPU.ActiveCfg = Debug|Any CPU
		{F07DF9A3-67DD-4A15-9C91-A8BE42F1D46A}.Debug|Any CPU.Build.0 = Debug|Any CPU
		{F07DF9A3-67DD-4A15-9C91-A8BE42F1D46A}.Release|Any CPU.ActiveCfg = Release|Any CPU
		{F07DF9A3-67DD-4A15-9C91-A8BE42F1D46A}.Release|Any CPU.Build.0 = Release|Any CPU
	EndGlobalSection
	GlobalSection(SolutionProperties) = preSolution
		HideSolutionNode = FALSE
	EndGlobalSection
EndGlobal
